
Microsoft Visual Studio Solution File, Format Version 12.00
# Visual Studio 15
VisualStudioVersion = 15.0.28010.2048
MinimumVisualStudioVersion = 10.0.40219.1
Project("{FAE04EC0-301F-11D3-BF4B-00C04F79EFBC}") = "ExerciseLog", "ExerciseLog\ExerciseLog.csproj", "{13096FA9-4D5E-4FFF-9C0E-EDFDEB09E5B6}"
EndProject
Global
	GlobalSection(SolutionConfigurationPlatforms) = preSolution
		Debug|Any CPU = Debug|Any CPU
		Release|Any CPU = Release|Any CPU
	EndGlobalSection
	GlobalSection(ProjectConfigurationPlatforms) = postSolution
		{13096FA9-4D5E-4FFF-9C0E-EDFDEB09E5B6}.Debug|Any CPU.ActiveCfg = Debug|Any CPU
		{13096FA9-4D5E-4FFF-9C0E-EDFDEB09E5B6}.Debug|Any CPU.Build.0 = Debug|Any CPU
		{13096FA9-4D5E-4FFF-9C0E-EDFDEB09E5B6}.Release|Any CPU.ActiveCfg = Release|Any CPU
		{13096FA9-4D5E-4FFF-9C0E-EDFDEB09E5B6}.Release|Any CPU.Build.0 = Release|Any CPU
	EndGlobalSection
	GlobalSection(SolutionProperties) = preSolution
		HideSolutionNode = FALSE
	EndGlobalSection
	GlobalSection(ExtensibilityGlobals) = postSolution
		SolutionGuid = {420F035A-D741-4A2C-AE38-0F8EA157A687}
	EndGlobalSection
EndGlobal
